
Microsoft Visual Studio Solution File, Format Version 12.00
# Visual Studio Version 17
VisualStudioVersion = 17.3.32929.385
MinimumVisualStudioVersion = 10.0.40219.1
Project("{FAE04EC0-301F-11D3-BF4B-00C04F79EFBC}") = "Sudoku.WPF", "Sudoku.WPF\Sudoku.WPF.csproj", "{03FC10CF-87AF-4F2C-8C7B-309C64447EB2}"
EndProject
Project("{FAE04EC0-301F-11D3-BF4B-00C04F79EFBC}") = "Sudoku.Domain", "Sudoku.Domain\Sudoku.Domain.csproj", "{441A47B3-98B0-4EBC-9372-C66083347196}"
EndProject
Project("{FAE04EC0-301F-11D3-BF4B-00C04F79EFBC}") = "SudokuTest.Tests", "SudokuTest.Tests\SudokuTest.Tests.csproj", "{C1E6FB17-F267-411A-A46E-8B4C028FF352}"
EndProject
Global
	GlobalSection(SolutionConfigurationPlatforms) = preSolution
		Debug|Any CPU = Debug|Any CPU
		Release|Any CPU = Release|Any CPU
	EndGlobalSection
	GlobalSection(ProjectConfigurationPlatforms) = postSolution
		{03FC10CF-87AF-4F2C-8C7B-309C64447EB2}.Debug|Any CPU.ActiveCfg = Debug|Any CPU
		{03FC10CF-87AF-4F2C-8C7B-309C64447EB2}.Debug|Any CPU.Build.0 = Debug|Any CPU
		{03FC10CF-87AF-4F2C-8C7B-309C64447EB2}.Release|Any CPU.ActiveCfg = Release|Any CPU
		{03FC10CF-87AF-4F2C-8C7B-309C64447EB2}.Release|Any CPU.Build.0 = Release|Any CPU
		{441A47B3-98B0-4EBC-9372-C66083347196}.Debug|Any CPU.ActiveCfg = Debug|Any CPU
		{441A47B3-98B0-4EBC-9372-C66083347196}.Debug|Any CPU.Build.0 = Debug|Any CPU
		{441A47B3-98B0-4EBC-9372-C66083347196}.Release|Any CPU.ActiveCfg = Release|Any CPU
		{441A47B3-98B0-4EBC-9372-C66083347196}.Release|Any CPU.Build.0 = Release|Any CPU
		{C1E6FB17-F267-411A-A46E-8B4C028FF352}.Debug|Any CPU.ActiveCfg = Debug|Any CPU
		{C1E6FB17-F267-411A-A46E-8B4C028FF352}.Debug|Any CPU.Build.0 = Debug|Any CPU
		{C1E6FB17-F267-411A-A46E-8B4C028FF352}.Release|Any CPU.ActiveCfg = Release|Any CPU
		{C1E6FB17-F267-411A-A46E-8B4C028FF352}.Release|Any CPU.Build.0 = Release|Any CPU
	EndGlobalSection
	GlobalSection(SolutionProperties) = preSolution
		HideSolutionNode = FALSE
	EndGlobalSection
	GlobalSection(ExtensibilityGlobals) = postSolution
		SolutionGuid = {F11BE7F4-7EDD-4ED6-8319-DBBAAE665FBA}
	EndGlobalSection
EndGlobal
